// !$*UTF8*$!
{
	archiveVersion = 1;
	classes = {
	};
	objectVersion = 46;
	objects = {

/* Begin PBXBuildFile section */
		314699071CBDA80E005E7B76 /* AppDelegate.swift in Sources */ = {isa = PBXBuildFile; fileRef = 314699061CBDA80E005E7B76 /* AppDelegate.swift */; };
		3146990E1CBDA80F005E7B76 /* Main.storyboard in Resources */ = {isa = PBXBuildFile; fileRef = 3146990C1CBDA80F005E7B76 /* Main.storyboard */; };
		314699101CBDA80F005E7B76 /* Assets.xcassets in Resources */ = {isa = PBXBuildFile; fileRef = 3146990F1CBDA80F005E7B76 /* Assets.xcassets */; };
		314699131CBDA80F005E7B76 /* LaunchScreen.storyboard in Resources */ = {isa = PBXBuildFile; fileRef = 314699111CBDA80F005E7B76 /* LaunchScreen.storyboard */; };
		3146991E1CBDA80F005E7B76 /* fiscalizaBrTests.swift in Sources */ = {isa = PBXBuildFile; fileRef = 3146991D1CBDA80F005E7B76 /* fiscalizaBrTests.swift */; };
		3146992B1CBDAA5B005E7B76 /* AgeementViewController.swift in Sources */ = {isa = PBXBuildFile; fileRef = 3146992A1CBDAA5B005E7B76 /* AgeementViewController.swift */; };
		3146992D1CBDAAC1005E7B76 /* FavoriteViewController.swift in Sources */ = {isa = PBXBuildFile; fileRef = 3146992C1CBDAAC1005E7B76 /* FavoriteViewController.swift */; };
		3146992F1CBDD3D0005E7B76 /* AgreementsTVCell.swift in Sources */ = {isa = PBXBuildFile; fileRef = 3146992E1CBDD3D0005E7B76 /* AgreementsTVCell.swift */; };
		31B7BEF01CBF0F9E00B0B4BE /* DetailsAgreementsControllerViewController.swift in Sources */ = {isa = PBXBuildFile; fileRef = 31B7BEEF1CBF0F9E00B0B4BE /* DetailsAgreementsControllerViewController.swift */; };
		31B7BEF21CBF0FBC00B0B4BE /* Agreements.swift in Sources */ = {isa = PBXBuildFile; fileRef = 31B7BEF11CBF0FBC00B0B4BE /* Agreements.swift */; };
		31B7BEF41CBF3CB700B0B4BE /* ChangeCity.swift in Sources */ = {isa = PBXBuildFile; fileRef = 31B7BEF31CBF3CB700B0B4BE /* ChangeCity.swift */; };
/* End PBXBuildFile section */

/* Begin PBXContainerItemProxy section */
		3146991A1CBDA80F005E7B76 /* PBXContainerItemProxy */ = {
			isa = PBXContainerItemProxy;
			containerPortal = 314698FB1CBDA80E005E7B76 /* Project object */;
			proxyType = 1;
			remoteGlobalIDString = 314699021CBDA80E005E7B76;
			remoteInfo = fiscalizaBr;
		};
/* End PBXContainerItemProxy section */

/* Begin PBXFileReference section */
		314699031CBDA80E005E7B76 /* fiscalizaBr.app */ = {isa = PBXFileReference; explicitFileType = wrapper.application; includeInIndex = 0; path = fiscalizaBr.app; sourceTree = BUILT_PRODUCTS_DIR; };
		314699061CBDA80E005E7B76 /* AppDelegate.swift */ = {isa = PBXFileReference; lastKnownFileType = sourcecode.swift; path = AppDelegate.swift; sourceTree = "<group>"; };
		3146990D1CBDA80F005E7B76 /* Base */ = {isa = PBXFileReference; lastKnownFileType = file.storyboard; name = Base; path = Base.lproj/Main.storyboard; sourceTree = "<group>"; };
		3146990F1CBDA80F005E7B76 /* Assets.xcassets */ = {isa = PBXFileReference; lastKnownFileType = folder.assetcatalog; path = Assets.xcassets; sourceTree = "<group>"; };
		314699121CBDA80F005E7B76 /* Base */ = {isa = PBXFileReference; lastKnownFileType = file.storyboard; name = Base; path = Base.lproj/LaunchScreen.storyboard; sourceTree = "<group>"; };
		314699141CBDA80F005E7B76 /* Info.plist */ = {isa = PBXFileReference; lastKnownFileType = text.plist.xml; path = Info.plist; sourceTree = "<group>"; };
		314699191CBDA80F005E7B76 /* fiscalizaBrTests.xctest */ = {isa = PBXFileReference; explicitFileType = wrapper.cfbundle; includeInIndex = 0; path = fiscalizaBrTests.xctest; sourceTree = BUILT_PRODUCTS_DIR; };
		3146991D1CBDA80F005E7B76 /* fiscalizaBrTests.swift */ = {isa = PBXFileReference; lastKnownFileType = sourcecode.swift; path = fiscalizaBrTests.swift; sourceTree = "<group>"; };
		3146991F1CBDA80F005E7B76 /* Info.plist */ = {isa = PBXFileReference; lastKnownFileType = text.plist.xml; path = Info.plist; sourceTree = "<group>"; };
		3146992A1CBDAA5B005E7B76 /* AgeementViewController.swift */ = {isa = PBXFileReference; fileEncoding = 4; lastKnownFileType = sourcecode.swift; path = AgeementViewController.swift; sourceTree = "<group>"; };
		3146992C1CBDAAC1005E7B76 /* FavoriteViewController.swift */ = {isa = PBXFileReference; fileEncoding = 4; lastKnownFileType = sourcecode.swift; path = FavoriteViewController.swift; sourceTree = "<group>"; };
		3146992E1CBDD3D0005E7B76 /* AgreementsTVCell.swift */ = {isa = PBXFileReference; fileEncoding = 4; lastKnownFileType = sourcecode.swift; path = AgreementsTVCell.swift; sourceTree = "<group>"; };
		31B7BEEF1CBF0F9E00B0B4BE /* DetailsAgreementsControllerViewController.swift */ = {isa = PBXFileReference; fileEncoding = 4; lastKnownFileType = sourcecode.swift; path = DetailsAgreementsControllerViewController.swift; sourceTree = "<group>"; };
		31B7BEF11CBF0FBC00B0B4BE /* Agreements.swift */ = {isa = PBXFileReference; fileEncoding = 4; lastKnownFileType = sourcecode.swift; path = Agreements.swift; sourceTree = "<group>"; };
		31B7BEF31CBF3CB700B0B4BE /* ChangeCity.swift */ = {isa = PBXFileReference; fileEncoding = 4; lastKnownFileType = sourcecode.swift; path = ChangeCity.swift; sourceTree = "<group>"; };
/* End PBXFileReference section */

/* Begin PBXFrameworksBuildPhase section */
		314699001CBDA80E005E7B76 /* Frameworks */ = {
			isa = PBXFrameworksBuildPhase;
			buildActionMask = 2147483647;
			files = (
			);
			runOnlyForDeploymentPostprocessing = 0;
		};
		314699161CBDA80F005E7B76 /* Frameworks */ = {
			isa = PBXFrameworksBuildPhase;
			buildActionMask = 2147483647;
			files = (
			);
			runOnlyForDeploymentPostprocessing = 0;
		};
/* End PBXFrameworksBuildPhase section */

/* Begin PBXGroup section */
		314698FA1CBDA80E005E7B76 = {
			isa = PBXGroup;
			children = (
				314699051CBDA80E005E7B76 /* fiscalizaBr */,
				3146991C1CBDA80F005E7B76 /* fiscalizaBrTests */,
				314699041CBDA80E005E7B76 /* Products */,
			);
			sourceTree = "<group>";
		};
		314699041CBDA80E005E7B76 /* Products */ = {
			isa = PBXGroup;
			children = (
				314699031CBDA80E005E7B76 /* fiscalizaBr.app */,
				314699191CBDA80F005E7B76 /* fiscalizaBrTests.xctest */,
			);
			name = Products;
			sourceTree = "<group>";
		};
		314699051CBDA80E005E7B76 /* fiscalizaBr */ = {
			isa = PBXGroup;
			children = (
				314699311CBDE195005E7B76 /* Factorys */,
				314699301CBDE184005E7B76 /* Images */,
				314699291CBDA84F005E7B76 /* Models */,
				314699281CBDA847005E7B76 /* Controllers */,
				314699061CBDA80E005E7B76 /* AppDelegate.swift */,
				3146990C1CBDA80F005E7B76 /* Main.storyboard */,
				3146990F1CBDA80F005E7B76 /* Assets.xcassets */,
				314699111CBDA80F005E7B76 /* LaunchScreen.storyboard */,
				314699141CBDA80F005E7B76 /* Info.plist */,
			);
			path = fiscalizaBr;
			sourceTree = "<group>";
		};
		3146991C1CBDA80F005E7B76 /* fiscalizaBrTests */ = {
			isa = PBXGroup;
			children = (
				3146991D1CBDA80F005E7B76 /* fiscalizaBrTests.swift */,
				3146991F1CBDA80F005E7B76 /* Info.plist */,
			);
			path = fiscalizaBrTests;
			sourceTree = "<group>";
		};
		314699281CBDA847005E7B76 /* Controllers */ = {
			isa = PBXGroup;
			children = (
				3146992A1CBDAA5B005E7B76 /* AgeementViewController.swift */,
				3146992C1CBDAAC1005E7B76 /* FavoriteViewController.swift */,
				31B7BEEF1CBF0F9E00B0B4BE /* DetailsAgreementsControllerViewController.swift */,
				31B7BEF31CBF3CB700B0B4BE /* ChangeCity.swift */,
			);
			name = Controllers;
			sourceTree = "<group>";
		};
		314699291CBDA84F005E7B76 /* Models */ = {
			isa = PBXGroup;
			children = (
				3146992E1CBDD3D0005E7B76 /* AgreementsTVCell.swift */,
				31B7BEF11CBF0FBC00B0B4BE /* Agreements.swift */,
			);
			name = Models;
			sourceTree = "<group>";
		};
		314699301CBDE184005E7B76 /* Images */ = {
			isa = PBXGroup;
			children = (
			);
			name = Images;
			sourceTree = "<group>";
		};
		314699311CBDE195005E7B76 /* Factorys */ = {
			isa = PBXGroup;
			children = (
			);
			name = Factorys;
			sourceTree = "<group>";
		};
/* End PBXGroup section */

/* Begin PBXNativeTarget section */
		314699021CBDA80E005E7B76 /* fiscalizaBr */ = {
			isa = PBXNativeTarget;
			buildConfigurationList = 314699221CBDA80F005E7B76 /* Build configuration list for PBXNativeTarget "fiscalizaBr" */;
			buildPhases = (
				314698FF1CBDA80E005E7B76 /* Sources */,
				314699001CBDA80E005E7B76 /* Frameworks */,
				314699011CBDA80E005E7B76 /* Resources */,
			);
			buildRules = (
			);
			dependencies = (
			);
			name = fiscalizaBr;
			productName = fiscalizaBr;
			productReference = 314699031CBDA80E005E7B76 /* fiscalizaBr.app */;
			productType = "com.apple.product-type.application";
		};
		314699181CBDA80F005E7B76 /* fiscalizaBrTests */ = {
			isa = PBXNativeTarget;
			buildConfigurationList = 314699251CBDA80F005E7B76 /* Build configuration list for PBXNativeTarget "fiscalizaBrTests" */;
			buildPhases = (
				314699151CBDA80F005E7B76 /* Sources */,
				314699161CBDA80F005E7B76 /* Frameworks */,
				314699171CBDA80F005E7B76 /* Resources */,
			);
			buildRules = (
			);
			dependencies = (
				3146991B1CBDA80F005E7B76 /* PBXTargetDependency */,
			);
			name = fiscalizaBrTests;
			productName = fiscalizaBrTests;
			productReference = 314699191CBDA80F005E7B76 /* fiscalizaBrTests.xctest */;
			productType = "com.apple.product-type.bundle.unit-test";
		};
/* End PBXNativeTarget section */

/* Begin PBXProject section */
		314698FB1CBDA80E005E7B76 /* Project object */ = {
			isa = PBXProject;
			attributes = {
				LastSwiftUpdateCheck = 0710;
				LastUpgradeCheck = 0710;
				ORGANIZATIONNAME = FiscalizaBr;
				TargetAttributes = {
					314699021CBDA80E005E7B76 = {
						CreatedOnToolsVersion = 7.1.1;
					};
					314699181CBDA80F005E7B76 = {
						CreatedOnToolsVersion = 7.1.1;
						TestTargetID = 314699021CBDA80E005E7B76;
					};
				};
			};
			buildConfigurationList = 314698FE1CBDA80E005E7B76 /* Build configuration list for PBXProject "fiscalizaBr" */;
			compatibilityVersion = "Xcode 3.2";
			developmentRegion = English;
			hasScannedForEncodings = 0;
			knownRegions = (
				en,
				Base,
			);
			mainGroup = 314698FA1CBDA80E005E7B76;
			productRefGroup = 314699041CBDA80E005E7B76 /* Products */;
			projectDirPath = "";
			projectRoot = "";
			targets = (
				314699021CBDA80E005E7B76 /* fiscalizaBr */,
				314699181CBDA80F005E7B76 /* fiscalizaBrTests */,
			);
		};
/* End PBXProject section */

/* Begin PBXResourcesBuildPhase section */
		314699011CBDA80E005E7B76 /* Resources */ = {
			isa = PBXResourcesBuildPhase;
			buildActionMask = 2147483647;
			files = (
				314699131CBDA80F005E7B76 /* LaunchScreen.storyboard in Resources */,
				314699101CBDA80F005E7B76 /* Assets.xcassets in Resources */,
				3146990E1CBDA80F005E7B76 /* Main.storyboard in Resources */,
			);
			runOnlyForDeploymentPostprocessing = 0;
		};
		314699171CBDA80F005E7B76 /* Resources */ = {
			isa = PBXResourcesBuildPhase;
			buildActionMask = 2147483647;
			files = (
			);
			runOnlyForDeploymentPostprocessing = 0;
		};
/* End PBXResourcesBuildPhase section */

/* Begin PBXSourcesBuildPhase section */
		314698FF1CBDA80E005E7B76 /* Sources */ = {
			isa = PBXSourcesBuildPhase;
			buildActionMask = 2147483647;
			files = (
				31B7BEF21CBF0FBC00B0B4BE /* Agreements.swift in Sources */,
				3146992B1CBDAA5B005E7B76 /* AgeementViewController.swift in Sources */,
				31B7BEF41CBF3CB700B0B4BE /* ChangeCity.swift in Sources */,
				314699071CBDA80E005E7B76 /* AppDelegate.swift in Sources */,
				3146992F1CBDD3D0005E7B76 /* AgreementsTVCell.swift in Sources */,
				31B7BEF01CBF0F9E00B0B4BE /* DetailsAgreementsControllerViewController.swift in Sources */,
				3146992D1CBDAAC1005E7B76 /* FavoriteViewController.swift in Sources */,
			);
			runOnlyForDeploymentPostprocessing = 0;
		};
		314699151CBDA80F005E7B76 /* Sources */ = {
			isa = PBXSourcesBuildPhase;
			buildActionMask = 2147483647;
			files = (
				3146991E1CBDA80F005E7B76 /* fiscalizaBrTests.swift in Sources */,
			);
			runOnlyForDeploymentPostprocessing = 0;
		};
/* End PBXSourcesBuildPhase section */

/* Begin PBXTargetDependency section */
		3146991B1CBDA80F005E7B76 /* PBXTargetDependency */ = {
			isa = PBXTargetDependency;
			target = 314699021CBDA80E005E7B76 /* fiscalizaBr */;
			targetProxy = 3146991A1CBDA80F005E7B76 /* PBXContainerItemProxy */;
		};
/* End PBXTargetDependency section */

/* Begin PBXVariantGroup section */
		3146990C1CBDA80F005E7B76 /* Main.storyboard */ = {
			isa = PBXVariantGroup;
			children = (
				3146990D1CBDA80F005E7B76 /* Base */,
			);
			name = Main.storyboard;
			sourceTree = "<group>";
		};
		314699111CBDA80F005E7B76 /* LaunchScreen.storyboard */ = {
			isa = PBXVariantGroup;
			children = (
				314699121CBDA80F005E7B76 /* Base */,
			);
			name = LaunchScreen.storyboard;
			sourceTree = "<group>";
		};
/* End PBXVariantGroup section */

/* Begin XCBuildConfiguration section */
		314699201CBDA80F005E7B76 /* Debug */ = {
			isa = XCBuildConfiguration;
			buildSettings = {
				ALWAYS_SEARCH_USER_PATHS = NO;
				CLANG_CXX_LANGUAGE_STANDARD = "gnu++0x";
				CLANG_CXX_LIBRARY = "libc++";
				CLANG_ENABLE_MODULES = YES;
				CLANG_ENABLE_OBJC_ARC = YES;
				CLANG_WARN_BOOL_CONVERSION = YES;
				CLANG_WARN_CONSTANT_CONVERSION = YES;
				CLANG_WARN_DIRECT_OBJC_ISA_USAGE = YES_ERROR;
				CLANG_WARN_EMPTY_BODY = YES;
				CLANG_WARN_ENUM_CONVERSION = YES;
				CLANG_WARN_INT_CONVERSION = YES;
				CLANG_WARN_OBJC_ROOT_CLASS = YES_ERROR;
				CLANG_WARN_UNREACHABLE_CODE = YES;
				CLANG_WARN__DUPLICATE_METHOD_MATCH = YES;
				"CODE_SIGN_IDENTITY[sdk=iphoneos*]" = "iPhone Developer";
				COPY_PHASE_STRIP = NO;
				DEBUG_INFORMATION_FORMAT = dwarf;
				ENABLE_STRICT_OBJC_MSGSEND = YES;
				ENABLE_TESTABILITY = YES;
				GCC_C_LANGUAGE_STANDARD = gnu99;
				GCC_DYNAMIC_NO_PIC = NO;
				GCC_NO_COMMON_BLOCKS = YES;
				GCC_OPTIMIZATION_LEVEL = 0;
				GCC_PREPROCESSOR_DEFINITIONS = (
					"DEBUG=1",
					"$(inherited)",
				);
				GCC_WARN_64_TO_32_BIT_CONVERSION = YES;
				GCC_WARN_ABOUT_RETURN_TYPE = YES_ERROR;
				GCC_WARN_UNDECLARED_SELECTOR = YES;
				GCC_WARN_UNINITIALIZED_AUTOS = YES_AGGRESSIVE;
				GCC_WARN_UNUSED_FUNCTION = YES;
				GCC_WARN_UNUSED_VARIABLE = YES;
				IPHONEOS_DEPLOYMENT_TARGET = 9.1;
				MTL_ENABLE_DEBUG_INFO = YES;
				ONLY_ACTIVE_ARCH = YES;
				SDKROOT = iphoneos;
				SWIFT_OPTIMIZATION_LEVEL = "-Onone";
				TARGETED_DEVICE_FAMILY = "1,2";
			};
			name = Debug;
		};
		314699211CBDA80F005E7B76 /* Release */ = {
			isa = XCBuildConfiguration;
			buildSettings = {
				ALWAYS_SEARCH_USER_PATHS = NO;
				CLANG_CXX_LANGUAGE_STANDARD = "gnu++0x";
				CLANG_CXX_LIBRARY = "libc++";
				CLANG_ENABLE_MODULES = YES;
				CLANG_ENABLE_OBJC_ARC = YES;
				CLANG_WARN_BOOL_CONVERSION = YES;
				CLANG_WARN_CONSTANT_CONVERSION = YES;
				CLANG_WARN_DIRECT_OBJC_ISA_USAGE = YES_ERROR;
				CLANG_WARN_EMPTY_BODY = YES;
				CLANG_WARN_ENUM_CONVERSION = YES;
				CLANG_WARN_INT_CONVERSION = YES;
				CLANG_WARN_OBJC_ROOT_CLASS = YES_ERROR;
				CLANG_WARN_UNREACHABLE_CODE = YES;
				CLANG_WARN__DUPLICATE_METHOD_MATCH = YES;
				"CODE_SIGN_IDENTITY[sdk=iphoneos*]" = "iPhone Developer";
				COPY_PHASE_STRIP = NO;
				DEBUG_INFORMATION_FORMAT = "dwarf-with-dsym";
				ENABLE_NS_ASSERTIONS = NO;
				ENABLE_STRICT_OBJC_MSGSEND = YES;
				GCC_C_LANGUAGE_STANDARD = gnu99;
				GCC_NO_COMMON_BLOCKS = YES;
				GCC_WARN_64_TO_32_BIT_CONVERSION = YES;
				GCC_WARN_ABOUT_RETURN_TYPE = YES_ERROR;
				GCC_WARN_UNDECLARED_SELECTOR = YES;
				GCC_WARN_UNINITIALIZED_AUTOS = YES_AGGRESSIVE;
				GCC_WARN_UNUSED_FUNCTION = YES;
				GCC_WARN_UNUSED_VARIABLE = YES;
				IPHONEOS_DEPLOYMENT_TARGET = 9.1;
				MTL_ENABLE_DEBUG_INFO = NO;
				SDKROOT = iphoneos;
				TARGETED_DEVICE_FAMILY = "1,2";
				VALIDATE_PRODUCT = YES;
			};
			name = Release;
		};
		314699231CBDA80F005E7B76 /* Debug */ = {
			isa = XCBuildConfiguration;
			buildSettings = {
				ASSETCATALOG_COMPILER_APPICON_NAME = AppIcon;
				INFOPLIST_FILE = fiscalizaBr/Info.plist;
				LD_RUNPATH_SEARCH_PATHS = "$(inherited) @executable_path/Frameworks";
				PRODUCT_BUNDLE_IDENTIFIER = br.com.fiscalizabr.fiscalizaBr;
				PRODUCT_NAME = "$(TARGET_NAME)";
			};
			name = Debug;
		};
		314699241CBDA80F005E7B76 /* Release */ = {
			isa = XCBuildConfiguration;
			buildSettings = {
				ASSETCATALOG_COMPILER_APPICON_NAME = AppIcon;
				INFOPLIST_FILE = fiscalizaBr/Info.plist;
				LD_RUNPATH_SEARCH_PATHS = "$(inherited) @executable_path/Frameworks";
				PRODUCT_BUNDLE_IDENTIFIER = br.com.fiscalizabr.fiscalizaBr;
				PRODUCT_NAME = "$(TARGET_NAME)";
			};
			name = Release;
		};
		314699261CBDA80F005E7B76 /* Debug */ = {
			isa = XCBuildConfiguration;
			buildSettings = {
				BUNDLE_LOADER = "$(TEST_HOST)";
				INFOPLIST_FILE = fiscalizaBrTests/Info.plist;
				LD_RUNPATH_SEARCH_PATHS = "$(inherited) @executable_path/Frameworks @loader_path/Frameworks";
				PRODUCT_BUNDLE_IDENTIFIER = br.com.fiscalizabr.fiscalizaBrTests;
				PRODUCT_NAME = "$(TARGET_NAME)";
				TEST_HOST = "$(BUILT_PRODUCTS_DIR)/fiscalizaBr.app/fiscalizaBr";
			};
			name = Debug;
		};
		314699271CBDA80F005E7B76 /* Release */ = {
			isa = XCBuildConfiguration;
			buildSettings = {
				BUNDLE_LOADER = "$(TEST_HOST)";
				INFOPLIST_FILE = fiscalizaBrTests/Info.plist;
				LD_RUNPATH_SEARCH_PATHS = "$(inherited) @executable_path/Frameworks @loader_path/Frameworks";
				PRODUCT_BUNDLE_IDENTIFIER = br.com.fiscalizabr.fiscalizaBrTests;
				PRODUCT_NAME = "$(TARGET_NAME)";
				TEST_HOST = "$(BUILT_PRODUCTS_DIR)/fiscalizaBr.app/fiscalizaBr";
			};
			name = Release;
		};
/* End XCBuildConfiguration section */

/* Begin XCConfigurationList section */
		314698FE1CBDA80E005E7B76 /* Build configuration list for PBXProject "fiscalizaBr" */ = {
			isa = XCConfigurationList;
			buildConfigurations = (
				314699201CBDA80F005E7B76 /* Debug */,
				314699211CBDA80F005E7B76 /* Release */,
			);
			defaultConfigurationIsVisible = 0;
			defaultConfigurationName = Release;
		};
		314699221CBDA80F005E7B76 /* Build configuration list for PBXNativeTarget "fiscalizaBr" */ = {
			isa = XCConfigurationList;
			buildConfigurations = (
				314699231CBDA80F005E7B76 /* Debug */,
				314699241CBDA80F005E7B76 /* Release */,
			);
			defaultConfigurationIsVisible = 0;
			defaultConfigurationName = Release;
		};
		314699251CBDA80F005E7B76 /* Build configuration list for PBXNativeTarget "fiscalizaBrTests" */ = {
			isa = XCConfigurationList;
			buildConfigurations = (
				314699261CBDA80F005E7B76 /* Debug */,
				314699271CBDA80F005E7B76 /* Release */,
			);
			defaultConfigurationIsVisible = 0;
			defaultConfigurationName = Release;
		};
/* End XCConfigurationList section */
	};
	rootObject = 314698FB1CBDA80E005E7B76 /* Project object */;
}
